<?xml version="1.0" encoding="utf-8"?>
<Project ToolsVersion="16.0" xmlns="http://schemas.microsoft.com/developer/msbuild/2003">
  <ItemGroup>
    <ClCompile Include="C:\Users\Nebiyu\Downloads\P3\P3\RollerCoastersTemplate\RollerCoasters\src\CallBacks.cpp">
      <Filter>Source Files</Filter>
    </ClCompile>
    <ClCompile Include="C:\Users\Nebiyu\Downloads\P3\P3\RollerCoastersTemplate\RollerCoasters\src\ControlPoint.cpp">
      <Filter>Source Files</Filter>
    </ClCompile>
    <ClCompile Include="C:\Users\Nebiyu\Downloads\P3\P3\RollerCoastersTemplate\RollerCoasters\src\main.cpp">
      <Filter>Source Files</Filter>
    </ClCompile>
    <ClCompile Include="C:\Users\Nebiyu\Downloads\P3\P3\RollerCoastersTemplate\RollerCoasters\src\Track.cpp">
      <Filter>Source Files</Filter>
    </ClCompile>
    <ClCompile Include="C:\Users\Nebiyu\Downloads\P3\P3\RollerCoastersTemplate\RollerCoasters\src\TrainView.cpp">
      <Filter>Source Files</Filter>
    </ClCompile>
    <ClCompile Include="C:\Users\Nebiyu\Downloads\P3\P3\RollerCoastersTemplate\RollerCoasters\src\TrainWindow.cpp">
      <Filter>Source Files</Filter>
    </ClCompile>
    <ClCompile Include="C:\Users\Nebiyu\Downloads\P3\P3\RollerCoastersTemplate\RollerCoasters\include\glad4.6\src\glad.c">
      <Filter>Source Files</Filter>
    </ClCompile>
  </ItemGroup>
  <ItemGroup>
    <CustomBuild Include="C:\Users\Nebiyu\Downloads\P3\P3\RollerCoastersTemplate\RollerCoasters\CMakeLists.txt" />
  </ItemGroup>
  <ItemGroup>
    <None Include="C:\Users\Nebiyu\Downloads\P3\P3\RollerCoastersTemplate\RollerCoasters\src\CallBacks.H" />
    <None Include="C:\Users\Nebiyu\Downloads\P3\P3\RollerCoastersTemplate\RollerCoasters\src\ControlPoint.H" />
    <None Include="C:\Users\Nebiyu\Downloads\P3\P3\RollerCoastersTemplate\RollerCoasters\src\Object.H" />
    <None Include="C:\Users\Nebiyu\Downloads\P3\P3\RollerCoastersTemplate\RollerCoasters\src\Track.H" />
    <None Include="C:\Users\Nebiyu\Downloads\P3\P3\RollerCoastersTemplate\RollerCoasters\src\TrainView.H" />
    <None Include="C:\Users\Nebiyu\Downloads\P3\P3\RollerCoastersTemplate\RollerCoasters\src\TrainWindow.H" />
  </ItemGroup>
  <ItemGroup>
    <Filter Include="Source Files">
      <UniqueIdentifier>{B11159B1-864D-33D2-9B7A-6E8C3698F0D4}</UniqueIdentifier>
    </Filter>
  </ItemGroup>
</Project>
